
Microsoft Visual Studio Solution File, Format Version 12.00
# Visual Studio Version 17
VisualStudioVersion = 17.10.35027.167
MinimumVisualStudioVersion = 10.0.40219.1
Project("{FAE04EC0-301F-11D3-BF4B-00C04F79EFBC}") = "Lab-6", "Lab-6.csproj", "{1640B341-F0B0-4ABC-B649-E12C647C1E17}"
EndProject
Global
	GlobalSection(SolutionConfigurationPlatforms) = preSolution
		Debug|Any CPU = Debug|Any CPU
		Release|Any CPU = Release|Any CPU
	EndGlobalSection
	GlobalSection(ProjectConfigurationPlatforms) = postSolution
		{1640B341-F0B0-4ABC-B649-E12C647C1E17}.Debug|Any CPU.ActiveCfg = Debug|Any CPU
		{1640B341-F0B0-4ABC-B649-E12C647C1E17}.Debug|Any CPU.Build.0 = Debug|Any CPU
		{1640B341-F0B0-4ABC-B649-E12C647C1E17}.Release|Any CPU.ActiveCfg = Release|Any CPU
		{1640B341-F0B0-4ABC-B649-E12C647C1E17}.Release|Any CPU.Build.0 = Release|Any CPU
	EndGlobalSection
	GlobalSection(SolutionProperties) = preSolution
		HideSolutionNode = FALSE
	EndGlobalSection
	GlobalSection(ExtensibilityGlobals) = postSolution
		SolutionGuid = {53BA7CFC-2F4A-4EE3-9072-B3537D877E57}
	EndGlobalSection
EndGlobal
