
Microsoft Visual Studio Solution File, Format Version 12.00
# Visual Studio Version 17
VisualStudioVersion = 17.10.35027.167
MinimumVisualStudioVersion = 10.0.40219.1
Project("{FAE04EC0-301F-11D3-BF4B-00C04F79EFBC}") = "Lab-2", "Lab-2.csproj", "{5805AD88-632A-4037-8BB9-B804261FBEB3}"
EndProject
Global
	GlobalSection(SolutionConfigurationPlatforms) = preSolution
		Debug|Any CPU = Debug|Any CPU
		Release|Any CPU = Release|Any CPU
	EndGlobalSection
	GlobalSection(ProjectConfigurationPlatforms) = postSolution
		{5805AD88-632A-4037-8BB9-B804261FBEB3}.Debug|Any CPU.ActiveCfg = Debug|Any CPU
		{5805AD88-632A-4037-8BB9-B804261FBEB3}.Debug|Any CPU.Build.0 = Debug|Any CPU
		{5805AD88-632A-4037-8BB9-B804261FBEB3}.Release|Any CPU.ActiveCfg = Release|Any CPU
		{5805AD88-632A-4037-8BB9-B804261FBEB3}.Release|Any CPU.Build.0 = Release|Any CPU
	EndGlobalSection
	GlobalSection(SolutionProperties) = preSolution
		HideSolutionNode = FALSE
	EndGlobalSection
	GlobalSection(ExtensibilityGlobals) = postSolution
		SolutionGuid = {10EF33DB-4B09-4698-84ED-A5015655C233}
	EndGlobalSection
EndGlobal
