
Microsoft Visual Studio Solution File, Format Version 12.00
# Visual Studio Version 17
VisualStudioVersion = 17.10.35027.167
MinimumVisualStudioVersion = 10.0.40219.1
Project("{FAE04EC0-301F-11D3-BF4B-00C04F79EFBC}") = "Lab-1", "Lab-1.csproj", "{F110C809-3B5E-40B1-870E-AED1FFAAB44E}"
EndProject
Global
	GlobalSection(SolutionConfigurationPlatforms) = preSolution
		Debug|Any CPU = Debug|Any CPU
		Release|Any CPU = Release|Any CPU
	EndGlobalSection
	GlobalSection(ProjectConfigurationPlatforms) = postSolution
		{F110C809-3B5E-40B1-870E-AED1FFAAB44E}.Debug|Any CPU.ActiveCfg = Debug|Any CPU
		{F110C809-3B5E-40B1-870E-AED1FFAAB44E}.Debug|Any CPU.Build.0 = Debug|Any CPU
		{F110C809-3B5E-40B1-870E-AED1FFAAB44E}.Release|Any CPU.ActiveCfg = Release|Any CPU
		{F110C809-3B5E-40B1-870E-AED1FFAAB44E}.Release|Any CPU.Build.0 = Release|Any CPU
	EndGlobalSection
	GlobalSection(SolutionProperties) = preSolution
		HideSolutionNode = FALSE
	EndGlobalSection
	GlobalSection(ExtensibilityGlobals) = postSolution
		SolutionGuid = {AD7C8744-E4E2-4738-A8EF-DB5E62A32548}
	EndGlobalSection
EndGlobal
